// !$*UTF8*$!
{
	archiveVersion = 1;
	classes = {
	};
	objectVersion = 56;
	objects = {

/* Begin PBXBuildFile section */
		BA8F63D5295087C10088F413 /* CardsLayout.swift in Sources */ = {isa = PBXBuildFile; fileRef = BA8F63D4295087C10088F413 /* CardsLayout.swift */; };
		BAB48E96294B204F002A76E6 /* AppDelegate.swift in Sources */ = {isa = PBXBuildFile; fileRef = BAB48E95294B204F002A76E6 /* AppDelegate.swift */; };
		BAB48E98294B204F002A76E6 /* SceneDelegate.swift in Sources */ = {isa = PBXBuildFile; fileRef = BAB48E97294B204F002A76E6 /* SceneDelegate.swift */; };
		BAB48E9A294B204F002A76E6 /* ViewController.swift in Sources */ = {isa = PBXBuildFile; fileRef = BAB48E99294B204F002A76E6 /* ViewController.swift */; };
		BAB48E9F294B2050002A76E6 /* Assets.xcassets in Resources */ = {isa = PBXBuildFile; fileRef = BAB48E9E294B2050002A76E6 /* Assets.xcassets */; };
		BAB48EA2294B2050002A76E6 /* LaunchScreen.storyboard in Resources */ = {isa = PBXBuildFile; fileRef = BAB48EA0294B2050002A76E6 /* LaunchScreen.storyboard */; };
		BAB48EAB294B28D5002A76E6 /* MonopolyManager.swift in Sources */ = {isa = PBXBuildFile; fileRef = BAB48EAA294B28D5002A76E6 /* MonopolyManager.swift */; };
		BAB48EAE294B5B77002A76E6 /* CardsView.swift in Sources */ = {isa = PBXBuildFile; fileRef = BAB48EAD294B5B77002A76E6 /* CardsView.swift */; };
		BAB48EB1294B720A002A76E6 /* UICollectionViewFlowLaout+displacement.swift in Sources */ = {isa = PBXBuildFile; fileRef = BAB48EB0294B720A002A76E6 /* UICollectionViewFlowLaout+displacement.swift */; };
		BADB77B9294B923900453337 /* CardCell.swift in Sources */ = {isa = PBXBuildFile; fileRef = BADB77B8294B923900453337 /* CardCell.swift */; };
/* End PBXBuildFile section */

/* Begin PBXFileReference section */
		BA8F63D4295087C10088F413 /* CardsLayout.swift */ = {isa = PBXFileReference; lastKnownFileType = sourcecode.swift; path = CardsLayout.swift; sourceTree = "<group>"; };
		BAB48E92294B204F002A76E6 /* Monopoly.app */ = {isa = PBXFileReference; explicitFileType = wrapper.application; includeInIndex = 0; path = Monopoly.app; sourceTree = BUILT_PRODUCTS_DIR; };
		BAB48E95294B204F002A76E6 /* AppDelegate.swift */ = {isa = PBXFileReference; lastKnownFileType = sourcecode.swift; path = AppDelegate.swift; sourceTree = "<group>"; };
		BAB48E97294B204F002A76E6 /* SceneDelegate.swift */ = {isa = PBXFileReference; lastKnownFileType = sourcecode.swift; path = SceneDelegate.swift; sourceTree = "<group>"; };
		BAB48E99294B204F002A76E6 /* ViewController.swift */ = {isa = PBXFileReference; lastKnownFileType = sourcecode.swift; path = ViewController.swift; sourceTree = "<group>"; };
		BAB48E9E294B2050002A76E6 /* Assets.xcassets */ = {isa = PBXFileReference; lastKnownFileType = folder.assetcatalog; path = Assets.xcassets; sourceTree = "<group>"; };
		BAB48EA1294B2050002A76E6 /* Base */ = {isa = PBXFileReference; lastKnownFileType = file.storyboard; name = Base; path = Base.lproj/LaunchScreen.storyboard; sourceTree = "<group>"; };
		BAB48EA3294B2050002A76E6 /* Info.plist */ = {isa = PBXFileReference; lastKnownFileType = text.plist.xml; path = Info.plist; sourceTree = "<group>"; };
		BAB48EAA294B28D5002A76E6 /* MonopolyManager.swift */ = {isa = PBXFileReference; lastKnownFileType = sourcecode.swift; path = MonopolyManager.swift; sourceTree = "<group>"; };
		BAB48EAD294B5B77002A76E6 /* CardsView.swift */ = {isa = PBXFileReference; lastKnownFileType = sourcecode.swift; path = CardsView.swift; sourceTree = "<group>"; };
		BAB48EB0294B720A002A76E6 /* UICollectionViewFlowLaout+displacement.swift */ = {isa = PBXFileReference; lastKnownFileType = sourcecode.swift; path = "UICollectionViewFlowLaout+displacement.swift"; sourceTree = "<group>"; };
		BADB77B8294B923900453337 /* CardCell.swift */ = {isa = PBXFileReference; lastKnownFileType = sourcecode.swift; path = CardCell.swift; sourceTree = "<group>"; };
/* End PBXFileReference section */

/* Begin PBXFrameworksBuildPhase section */
		BAB48E8F294B204F002A76E6 /* Frameworks */ = {
			isa = PBXFrameworksBuildPhase;
			buildActionMask = 2147483647;
			files = (
			);
			runOnlyForDeploymentPostprocessing = 0;
		};
/* End PBXFrameworksBuildPhase section */

/* Begin PBXGroup section */
		BAB48E89294B204F002A76E6 = {
			isa = PBXGroup;
			children = (
				BAB48E94294B204F002A76E6 /* Monopoly */,
				BAB48E93294B204F002A76E6 /* Products */,
			);
			sourceTree = "<group>";
		};
		BAB48E93294B204F002A76E6 /* Products */ = {
			isa = PBXGroup;
			children = (
				BAB48E92294B204F002A76E6 /* Monopoly.app */,
			);
			name = Products;
			sourceTree = "<group>";
		};
		BAB48E94294B204F002A76E6 /* Monopoly */ = {
			isa = PBXGroup;
			children = (
				BAB48EA9294B28BB002A76E6 /* Monopoly */,
				BAB48E95294B204F002A76E6 /* AppDelegate.swift */,
				BAB48E97294B204F002A76E6 /* SceneDelegate.swift */,
				BAB48E99294B204F002A76E6 /* ViewController.swift */,
				BAB48E9E294B2050002A76E6 /* Assets.xcassets */,
				BAB48EA0294B2050002A76E6 /* LaunchScreen.storyboard */,
				BAB48EA3294B2050002A76E6 /* Info.plist */,
			);
			path = Monopoly;
			sourceTree = "<group>";
		};
		BAB48EA9294B28BB002A76E6 /* Monopoly */ = {
			isa = PBXGroup;
			children = (
				BAB48EAF294B71D7002A76E6 /* Extensions */,
				BAB48EAC294B3652002A76E6 /* Views */,
				BAB48EAA294B28D5002A76E6 /* MonopolyManager.swift */,
				BA8F63D4295087C10088F413 /* CardsLayout.swift */,
			);
			path = Monopoly;
			sourceTree = "<group>";
		};
		BAB48EAC294B3652002A76E6 /* Views */ = {
			isa = PBXGroup;
			children = (
				BAB48EAD294B5B77002A76E6 /* CardsView.swift */,
				BADB77B8294B923900453337 /* CardCell.swift */,
			);
			path = Views;
			sourceTree = "<group>";
		};
		BAB48EAF294B71D7002A76E6 /* Extensions */ = {
			isa = PBXGroup;
			children = (
				BAB48EB0294B720A002A76E6 /* UICollectionViewFlowLaout+displacement.swift */,
			);
			path = Extensions;
			sourceTree = "<group>";
		};
/* End PBXGroup section */

/* Begin PBXNativeTarget section */
		BAB48E91294B204F002A76E6 /* Monopoly */ = {
			isa = PBXNativeTarget;
			buildConfigurationList = BAB48EA6294B2050002A76E6 /* Build configuration list for PBXNativeTarget "Monopoly" */;
			buildPhases = (
				BAB48E8E294B204F002A76E6 /* Sources */,
				BAB48E8F294B204F002A76E6 /* Frameworks */,
				BAB48E90294B204F002A76E6 /* Resources */,
			);
			buildRules = (
			);
			dependencies = (
			);
			name = Monopoly;
			productName = Monopoly;
			productReference = BAB48E92294B204F002A76E6 /* Monopoly.app */;
			productType = "com.apple.product-type.application";
		};
/* End PBXNativeTarget section */

/* Begin PBXProject section */
		BAB48E8A294B204F002A76E6 /* Project object */ = {
			isa = PBXProject;
			attributes = {
				BuildIndependentTargetsInParallel = 1;
				LastSwiftUpdateCheck = 1400;
				LastUpgradeCheck = 1400;
				TargetAttributes = {
					BAB48E91294B204F002A76E6 = {
						CreatedOnToolsVersion = 14.0.1;
					};
				};
			};
			buildConfigurationList = BAB48E8D294B204F002A76E6 /* Build configuration list for PBXProject "Monopoly" */;
			compatibilityVersion = "Xcode 14.0";
			developmentRegion = en;
			hasScannedForEncodings = 0;
			knownRegions = (
				en,
				Base,
			);
			mainGroup = BAB48E89294B204F002A76E6;
			productRefGroup = BAB48E93294B204F002A76E6 /* Products */;
			projectDirPath = "";
			projectRoot = "";
			targets = (
				BAB48E91294B204F002A76E6 /* Monopoly */,
			);
		};
/* End PBXProject section */

/* Begin PBXResourcesBuildPhase section */
		BAB48E90294B204F002A76E6 /* Resources */ = {
			isa = PBXResourcesBuildPhase;
			buildActionMask = 2147483647;
			files = (
				BAB48EA2294B2050002A76E6 /* LaunchScreen.storyboard in Resources */,
				BAB48E9F294B2050002A76E6 /* Assets.xcassets in Resources */,
			);
			runOnlyForDeploymentPostprocessing = 0;
		};
/* End PBXResourcesBuildPhase section */

/* Begin PBXSourcesBuildPhase section */
		BAB48E8E294B204F002A76E6 /* Sources */ = {
			isa = PBXSourcesBuildPhase;
			buildActionMask = 2147483647;
			files = (
				BAB48EB1294B720A002A76E6 /* UICollectionViewFlowLaout+displacement.swift in Sources */,
				BAB48EAB294B28D5002A76E6 /* MonopolyManager.swift in Sources */,
				BADB77B9294B923900453337 /* CardCell.swift in Sources */,
				BAB48EAE294B5B77002A76E6 /* CardsView.swift in Sources */,
				BAB48E9A294B204F002A76E6 /* ViewController.swift in Sources */,
				BAB48E96294B204F002A76E6 /* AppDelegate.swift in Sources */,
				BAB48E98294B204F002A76E6 /* SceneDelegate.swift in Sources */,
				BA8F63D5295087C10088F413 /* CardsLayout.swift in Sources */,
			);
			runOnlyForDeploymentPostprocessing = 0;
		};
/* End PBXSourcesBuildPhase section */

/* Begin PBXVariantGroup section */
		BAB48EA0294B2050002A76E6 /* LaunchScreen.storyboard */ = {
			isa = PBXVariantGroup;
			children = (
				BAB48EA1294B2050002A76E6 /* Base */,
			);
			name = LaunchScreen.storyboard;
			sourceTree = "<group>";
		};
/* End PBXVariantGroup section */

/* Begin XCBuildConfiguration section */
		BAB48EA4294B2050002A76E6 /* Debug */ = {
			isa = XCBuildConfiguration;
			buildSettings = {
				ALWAYS_SEARCH_USER_PATHS = NO;
				CLANG_ANALYZER_NONNULL = YES;
				CLANG_ANALYZER_NUMBER_OBJECT_CONVERSION = YES_AGGRESSIVE;
				CLANG_CXX_LANGUAGE_STANDARD = "gnu++20";
				CLANG_ENABLE_MODULES = YES;
				CLANG_ENABLE_OBJC_ARC = YES;
				CLANG_ENABLE_OBJC_WEAK = YES;
				CLANG_WARN_BLOCK_CAPTURE_AUTORELEASING = YES;
				CLANG_WARN_BOOL_CONVERSION = YES;
				CLANG_WARN_COMMA = YES;
				CLANG_WARN_CONSTANT_CONVERSION = YES;
				CLANG_WARN_DEPRECATED_OBJC_IMPLEMENTATIONS = YES;
				CLANG_WARN_DIRECT_OBJC_ISA_USAGE = YES_ERROR;
				CLANG_WARN_DOCUMENTATION_COMMENTS = YES;
				CLANG_WARN_EMPTY_BODY = YES;
				CLANG_WARN_ENUM_CONVERSION = YES;
				CLANG_WARN_INFINITE_RECURSION = YES;
				CLANG_WARN_INT_CONVERSION = YES;
				CLANG_WARN_NON_LITERAL_NULL_CONVERSION = YES;
				CLANG_WARN_OBJC_IMPLICIT_RETAIN_SELF = YES;
				CLANG_WARN_OBJC_LITERAL_CONVERSION = YES;
				CLANG_WARN_OBJC_ROOT_CLASS = YES_ERROR;
				CLANG_WARN_QUOTED_INCLUDE_IN_FRAMEWORK_HEADER = YES;
				CLANG_WARN_RANGE_LOOP_ANALYSIS = YES;
				CLANG_WARN_STRICT_PROTOTYPES = YES;
				CLANG_WARN_SUSPICIOUS_MOVE = YES;
				CLANG_WARN_UNGUARDED_AVAILABILITY = YES_AGGRESSIVE;
				CLANG_WARN_UNREACHABLE_CODE = YES;
				CLANG_WARN__DUPLICATE_METHOD_MATCH = YES;
				COPY_PHASE_STRIP = NO;
				DEBUG_INFORMATION_FORMAT = dwarf;
				ENABLE_STRICT_OBJC_MSGSEND = YES;
				ENABLE_TESTABILITY = YES;
				GCC_C_LANGUAGE_STANDARD = gnu11;
				GCC_DYNAMIC_NO_PIC = NO;
				GCC_NO_COMMON_BLOCKS = YES;
				GCC_OPTIMIZATION_LEVEL = 0;
				GCC_PREPROCESSOR_DEFINITIONS = (
					"DEBUG=1",
					"$(inherited)",
				);
				GCC_WARN_64_TO_32_BIT_CONVERSION = YES;
				GCC_WARN_ABOUT_RETURN_TYPE = YES_ERROR;
				GCC_WARN_UNDECLARED_SELECTOR = YES;
				GCC_WARN_UNINITIALIZED_AUTOS = YES_AGGRESSIVE;
				GCC_WARN_UNUSED_FUNCTION = YES;
				GCC_WARN_UNUSED_VARIABLE = YES;
				IPHONEOS_DEPLOYMENT_TARGET = 16.0;
				MTL_ENABLE_DEBUG_INFO = INCLUDE_SOURCE;
				MTL_FAST_MATH = YES;
				ONLY_ACTIVE_ARCH = YES;
				SDKROOT = iphoneos;
				SWIFT_ACTIVE_COMPILATION_CONDITIONS = DEBUG;
				SWIFT_OPTIMIZATION_LEVEL = "-Onone";
			};
			name = Debug;
		};
		BAB48EA5294B2050002A76E6 /* Release */ = {
			isa = XCBuildConfiguration;
			buildSettings = {
				ALWAYS_SEARCH_USER_PATHS = NO;
				CLANG_ANALYZER_NONNULL = YES;
				CLANG_ANALYZER_NUMBER_OBJECT_CONVERSION = YES_AGGRESSIVE;
				CLANG_CXX_LANGUAGE_STANDARD = "gnu++20";
				CLANG_ENABLE_MODULES = YES;
				CLANG_ENABLE_OBJC_ARC = YES;
				CLANG_ENABLE_OBJC_WEAK = YES;
				CLANG_WARN_BLOCK_CAPTURE_AUTORELEASING = YES;
				CLANG_WARN_BOOL_CONVERSION = YES;
				CLANG_WARN_COMMA = YES;
				CLANG_WARN_CONSTANT_CONVERSION = YES;
				CLANG_WARN_DEPRECATED_OBJC_IMPLEMENTATIONS = YES;
				CLANG_WARN_DIRECT_OBJC_ISA_USAGE = YES_ERROR;
				CLANG_WARN_DOCUMENTATION_COMMENTS = YES;
				CLANG_WARN_EMPTY_BODY = YES;
				CLANG_WARN_ENUM_CONVERSION = YES;
				CLANG_WARN_INFINITE_RECURSION = YES;
				CLANG_WARN_INT_CONVERSION = YES;
				CLANG_WARN_NON_LITERAL_NULL_CONVERSION = YES;
				CLANG_WARN_OBJC_IMPLICIT_RETAIN_SELF = YES;
				CLANG_WARN_OBJC_LITERAL_CONVERSION = YES;
				CLANG_WARN_OBJC_ROOT_CLASS = YES_ERROR;
				CLANG_WARN_QUOTED_INCLUDE_IN_FRAMEWORK_HEADER = YES;
				CLANG_WARN_RANGE_LOOP_ANALYSIS = YES;
				CLANG_WARN_STRICT_PROTOTYPES = YES;
				CLANG_WARN_SUSPICIOUS_MOVE = YES;
				CLANG_WARN_UNGUARDED_AVAILABILITY = YES_AGGRESSIVE;
				CLANG_WARN_UNREACHABLE_CODE = YES;
				CLANG_WARN__DUPLICATE_METHOD_MATCH = YES;
				COPY_PHASE_STRIP = NO;
				DEBUG_INFORMATION_FORMAT = "dwarf-with-dsym";
				ENABLE_NS_ASSERTIONS = NO;
				ENABLE_STRICT_OBJC_MSGSEND = YES;
				GCC_C_LANGUAGE_STANDARD = gnu11;
				GCC_NO_COMMON_BLOCKS = YES;
				GCC_WARN_64_TO_32_BIT_CONVERSION = YES;
				GCC_WARN_ABOUT_RETURN_TYPE = YES_ERROR;
				GCC_WARN_UNDECLARED_SELECTOR = YES;
				GCC_WARN_UNINITIALIZED_AUTOS = YES_AGGRESSIVE;
				GCC_WARN_UNUSED_FUNCTION = YES;
				GCC_WARN_UNUSED_VARIABLE = YES;
				IPHONEOS_DEPLOYMENT_TARGET = 16.0;
				MTL_ENABLE_DEBUG_INFO = NO;
				MTL_FAST_MATH = YES;
				SDKROOT = iphoneos;
				SWIFT_COMPILATION_MODE = wholemodule;
				SWIFT_OPTIMIZATION_LEVEL = "-O";
				VALIDATE_PRODUCT = YES;
			};
			name = Release;
		};
		BAB48EA7294B2050002A76E6 /* Debug */ = {
			isa = XCBuildConfiguration;
			buildSettings = {
				ASSETCATALOG_COMPILER_APPICON_NAME = AppIcon;
				ASSETCATALOG_COMPILER_GLOBAL_ACCENT_COLOR_NAME = AccentColor;
				CODE_SIGN_STYLE = Automatic;
				CURRENT_PROJECT_VERSION = 1;
				DEVELOPMENT_TEAM = 5L3P894NU4;
				GENERATE_INFOPLIST_FILE = YES;
				INFOPLIST_FILE = Monopoly/Info.plist;
				INFOPLIST_KEY_UIApplicationSupportsIndirectInputEvents = YES;
				INFOPLIST_KEY_UILaunchStoryboardName = LaunchScreen;
				INFOPLIST_KEY_UISupportedInterfaceOrientations_iPad = "UIInterfaceOrientationPortrait UIInterfaceOrientationPortraitUpsideDown UIInterfaceOrientationLandscapeLeft UIInterfaceOrientationLandscapeRight";
				INFOPLIST_KEY_UISupportedInterfaceOrientations_iPhone = "UIInterfaceOrientationPortrait UIInterfaceOrientationLandscapeLeft UIInterfaceOrientationLandscapeRight";
				IPHONEOS_DEPLOYMENT_TARGET = 14.0;
				LD_RUNPATH_SEARCH_PATHS = (
					"$(inherited)",
					"@executable_path/Frameworks",
				);
				MARKETING_VERSION = 1.0;
				PRODUCT_BUNDLE_IDENTIFIER = com.elsa.Monopoly;
				PRODUCT_NAME = "$(TARGET_NAME)";
				SUPPORTED_PLATFORMS = "iphoneos iphonesimulator";
				SUPPORTS_MACCATALYST = NO;
				SUPPORTS_MAC_DESIGNED_FOR_IPHONE_IPAD = NO;
				SWIFT_EMIT_LOC_STRINGS = YES;
				SWIFT_VERSION = 5.0;
				TARGETED_DEVICE_FAMILY = 1;
			};
			name = Debug;
		};
		BAB48EA8294B2050002A76E6 /* Release */ = {
			isa = XCBuildConfiguration;
			buildSettings = {
				ASSETCATALOG_COMPILER_APPICON_NAME = AppIcon;
				ASSETCATALOG_COMPILER_GLOBAL_ACCENT_COLOR_NAME = AccentColor;
				CODE_SIGN_STYLE = Automatic;
				CURRENT_PROJECT_VERSION = 1;
				DEVELOPMENT_TEAM = 5L3P894NU4;
				GENERATE_INFOPLIST_FILE = YES;
				INFOPLIST_FILE = Monopoly/Info.plist;
				INFOPLIST_KEY_UIApplicationSupportsIndirectInputEvents = YES;
				INFOPLIST_KEY_UILaunchStoryboardName = LaunchScreen;
				INFOPLIST_KEY_UISupportedInterfaceOrientations_iPad = "UIInterfaceOrientationPortrait UIInterfaceOrientationPortraitUpsideDown UIInterfaceOrientationLandscapeLeft UIInterfaceOrientationLandscapeRight";
				INFOPLIST_KEY_UISupportedInterfaceOrientations_iPhone = "UIInterfaceOrientationPortrait UIInterfaceOrientationLandscapeLeft UIInterfaceOrientationLandscapeRight";
				IPHONEOS_DEPLOYMENT_TARGET = 14.0;
				LD_RUNPATH_SEARCH_PATHS = (
					"$(inherited)",
					"@executable_path/Frameworks",
				);
				MARKETING_VERSION = 1.0;
				PRODUCT_BUNDLE_IDENTIFIER = com.elsa.Monopoly;
				PRODUCT_NAME = "$(TARGET_NAME)";
				SUPPORTED_PLATFORMS = "iphoneos iphonesimulator";
				SUPPORTS_MACCATALYST = NO;
				SUPPORTS_MAC_DESIGNED_FOR_IPHONE_IPAD = NO;
				SWIFT_EMIT_LOC_STRINGS = YES;
				SWIFT_VERSION = 5.0;
				TARGETED_DEVICE_FAMILY = 1;
			};
			name = Release;
		};
/* End XCBuildConfiguration section */

/* Begin XCConfigurationList section */
		BAB48E8D294B204F002A76E6 /* Build configuration list for PBXProject "Monopoly" */ = {
			isa = XCConfigurationList;
			buildConfigurations = (
				BAB48EA4294B2050002A76E6 /* Debug */,
				BAB48EA5294B2050002A76E6 /* Release */,
			);
			defaultConfigurationIsVisible = 0;
			defaultConfigurationName = Release;
		};
		BAB48EA6294B2050002A76E6 /* Build configuration list for PBXNativeTarget "Monopoly" */ = {
			isa = XCConfigurationList;
			buildConfigurations = (
				BAB48EA7294B2050002A76E6 /* Debug */,
				BAB48EA8294B2050002A76E6 /* Release */,
			);
			defaultConfigurationIsVisible = 0;
			defaultConfigurationName = Release;
		};
/* End XCConfigurationList section */
	};
	rootObject = BAB48E8A294B204F002A76E6 /* Project object */;
}
